
Microsoft Visual Studio Solution File, Format Version 12.00
# Visual Studio Version 16
VisualStudioVersion = 16.0.29102.190
MinimumVisualStudioVersion = 10.0.40219.1
Project("{FAE04EC0-301F-11D3-BF4B-00C04F79EFBC}") = "Student Management System", "Student Management System\Student Management System.csproj", "{C5A655AD-493D-447E-82F3-E3F8286D8108}"
EndProject
Global
	GlobalSection(SolutionConfigurationPlatforms) = preSolution
		Debug|Any CPU = Debug|Any CPU
		Release|Any CPU = Release|Any CPU
	EndGlobalSection
	GlobalSection(ProjectConfigurationPlatforms) = postSolution
		{C5A655AD-493D-447E-82F3-E3F8286D8108}.Debug|Any CPU.ActiveCfg = Debug|Any CPU
		{C5A655AD-493D-447E-82F3-E3F8286D8108}.Debug|Any CPU.Build.0 = Debug|Any CPU
		{C5A655AD-493D-447E-82F3-E3F8286D8108}.Release|Any CPU.ActiveCfg = Release|Any CPU
		{C5A655AD-493D-447E-82F3-E3F8286D8108}.Release|Any CPU.Build.0 = Release|Any CPU
	EndGlobalSection
	GlobalSection(SolutionProperties) = preSolution
		HideSolutionNode = FALSE
	EndGlobalSection
	GlobalSection(ExtensibilityGlobals) = postSolution
		SolutionGuid = {DDE9C2F0-7A78-4525-B3E8-657B409BB08D}
	EndGlobalSection
EndGlobal
